# THIS IS AN AUTOGENERATED FILE. DO NOT EDIT THIS FILE DIRECTLY.
# yarn lockfile v1


co@3.1.0:
  version "3.1.0"
  resolved "https://registry.yarnpkg.com/co/-/co-3.1.0.tgz#4ea54ea5a08938153185e15210c68d9092bc1b78"

match-words@^0.1.0:
  version "0.1.1"
  resolved "https://registry.yarnpkg.com/match-words/-/match-words-0.1.1.tgz#dcd3119e74a6a67be4304ca5cf926580e8e1a7af"
  dependencies:
    word-regex "^0.1.0"

sliced@^1.0.1:
  version "1.0.1"
  resolved "https://registry.yarnpkg.com/sliced/-/sliced-1.0.1.tgz#0b3a662b5d04c3177b1926bea82b03f837a2ef41"

unified-lint-rule@^1.0.1:
  version "1.0.1"
  resolved "https://registry.yarnpkg.com/unified-lint-rule/-/unified-lint-rule-1.0.1.tgz#1bf733d40e667bf1915c7156a83663ed00666c57"
  dependencies:
    wrapped "^1.0.1"

unist-util-visit@^1.1.1:
  version "1.1.1"
  resolved "https://registry.yarnpkg.com/unist-util-visit/-/unist-util-visit-1.1.1.tgz#e917a3b137658b335cb4420c7da2e74d928e4e94"

word-regex@^0.1.0:
  version "0.1.2"
  resolved "https://registry.yarnpkg.com/word-regex/-/word-regex-0.1.2.tgz#a3bc7f2d222ce4a93c246c3ef69458f61f511639"

wordcount@^1.1.1:
  version "1.1.1"
  resolved "https://registry.yarnpkg.com/wordcount/-/wordcount-1.1.1.tgz#e72da7833904d870a154c9ef47ed5f3e7997cf57"
  dependencies:
    match-words "^0.1.0"

wrapped@^1.0.1:
  version "1.0.1"
  resolved "https://registry.yarnpkg.com/wrapped/-/wrapped-1.0.1.tgz#c783d9d807b273e9b01e851680a938c87c907242"
  dependencies:
    co "3.1.0"
    sliced "^1.0.1"
